
Microsoft Visual Studio Solution File, Format Version 11.00
# Visual Studio 2010
Project("{FAE04EC0-301F-11D3-BF4B-00C04F79EFBC}") = "MarshsAdventure", "Assembly-CSharp.csproj", "{9AFDCC88-9627-DE66-9343-AADBDB9DC15D}"
EndProject
Global
	GlobalSection(SolutionConfigurationPlatforms) = preSolution
		Debug|Any CPU = Debug|Any CPU
		Release|Any CPU = Release|Any CPU
	EndGlobalSection
	GlobalSection(ProjectConfigurationPlatforms) = postSolution
		{9AFDCC88-9627-DE66-9343-AADBDB9DC15D}.Debug|Any CPU.ActiveCfg = Debug|Any CPU
		{9AFDCC88-9627-DE66-9343-AADBDB9DC15D}.Debug|Any CPU.Build.0 = Debug|Any CPU
		{9AFDCC88-9627-DE66-9343-AADBDB9DC15D}.Release|Any CPU.ActiveCfg = Release|Any CPU
		{9AFDCC88-9627-DE66-9343-AADBDB9DC15D}.Release|Any CPU.Build.0 = Release|Any CPU
	EndGlobalSection
	GlobalSection(SolutionProperties) = preSolution
		HideSolutionNode = FALSE
	EndGlobalSection
	GlobalSection(MonoDevelopProperties) = preSolution
		StartupItem = Assembly-CSharp.csproj
	EndGlobalSection
EndGlobal
